// !$*UTF8*$!
{
	archiveVersion = 1;
	classes = {
	};
	objectVersion = 46;
	objects = {

/* Begin PBXBuildFile section */
		B31B6D5215C13D5200854074 /* Foundation.framework in Frameworks */ = {isa = PBXBuildFile; fileRef = B31B6D5115C13D5200854074 /* Foundation.framework */; };
		B31B6D6F15C1467100854074 /* CoreFoundation.framework in Frameworks */ = {isa = PBXBuildFile; fileRef = B31B6D6E15C1467100854074 /* CoreFoundation.framework */; };
		B37C3A5D162717A200B50A60 /* ForgeCore.framework in Frameworks */ = {isa = PBXBuildFile; fileRef = B37C3A5C162717A200B50A60 /* ForgeCore.framework */; };
		B3CC61F21716ECB500A1A8EF /* file2_API.m in Sources */ = {isa = PBXBuildFile; fileRef = B3CC61F01716ECB500A1A8EF /* file2_API.m */; };
		B3CC61F41716ECBB00A1A8EF /* file2_EventListener.m in Sources */ = {isa = PBXBuildFile; fileRef = B3CC61F31716ECBB00A1A8EF /* file2_EventListener.m */; };
		B3FC51F815C151E5003574D9 /* UIKit.framework in Frameworks */ = {isa = PBXBuildFile; fileRef = B3FC51F715C151E5003574D9 /* UIKit.framework */; };
		B3FC51FF15C1523D003574D9 /* CoreGraphics.framework in Frameworks */ = {isa = PBXBuildFile; fileRef = B3FC51FE15C1523D003574D9 /* CoreGraphics.framework */; };
		B3FC524215C177EA003574D9 /* AssetsLibrary.framework in Frameworks */ = {isa = PBXBuildFile; fileRef = B3FC524115C177EA003574D9 /* AssetsLibrary.framework */; };
		B3FC524815C17B2C003574D9 /* SystemConfiguration.framework in Frameworks */ = {isa = PBXBuildFile; fileRef = B3FC524715C17B2C003574D9 /* SystemConfiguration.framework */; };
		E5E71392187D6B71003E3AFF /* Security.framework in Frameworks */ = {isa = PBXBuildFile; fileRef = E5E71391187D6B71003E3AFF /* Security.framework */; };
		E5E71398187D6BBD003E3AFF /* MobileCoreServices.framework in Frameworks */ = {isa = PBXBuildFile; fileRef = E5E71397187D6BBD003E3AFF /* MobileCoreServices.framework */; };
		E5E71399187D6BCF003E3AFF /* Security.framework in Frameworks */ = {isa = PBXBuildFile; fileRef = E5E71391187D6B71003E3AFF /* Security.framework */; };
		E5E7139A187D6BD7003E3AFF /* MobileCoreServices.framework in Frameworks */ = {isa = PBXBuildFile; fileRef = E5E71397187D6BBD003E3AFF /* MobileCoreServices.framework */; };
		E5E7139B187D6BE0003E3AFF /* SystemConfiguration.framework in Frameworks */ = {isa = PBXBuildFile; fileRef = B3FC524715C17B2C003574D9 /* SystemConfiguration.framework */; };
		E5E7139D187D6C5D003E3AFF /* CoreLocation.framework in Frameworks */ = {isa = PBXBuildFile; fileRef = E5E7139C187D6C5D003E3AFF /* CoreLocation.framework */; };
		E5E7139E187D6C68003E3AFF /* Foundation.framework in Frameworks */ = {isa = PBXBuildFile; fileRef = B31B6D5115C13D5200854074 /* Foundation.framework */; };
		E5E7139F187D6C70003E3AFF /* CoreGraphics.framework in Frameworks */ = {isa = PBXBuildFile; fileRef = B3FC51FE15C1523D003574D9 /* CoreGraphics.framework */; };
		E5E713A0187D6C81003E3AFF /* UIKit.framework in Frameworks */ = {isa = PBXBuildFile; fileRef = B3FC51F715C151E5003574D9 /* UIKit.framework */; };
		E5E713CC187DB2E8003E3AFF /* AFHTTPRequestOperation.m in Sources */ = {isa = PBXBuildFile; fileRef = E5E7136D187D63E8003E3AFF /* AFHTTPRequestOperation.m */; };
		E5E713CD187DB2EF003E3AFF /* AFHTTPRequestOperationManager.m in Sources */ = {isa = PBXBuildFile; fileRef = E5E7136F187D63E8003E3AFF /* AFHTTPRequestOperationManager.m */; };
		E5E713CE187DB2F2003E3AFF /* AFHTTPSessionManager.m in Sources */ = {isa = PBXBuildFile; fileRef = E5E71371187D63E8003E3AFF /* AFHTTPSessionManager.m */; };
		E5E713CF187DB2F6003E3AFF /* AFNetworkReachabilityManager.m in Sources */ = {isa = PBXBuildFile; fileRef = E5E71374187D63E8003E3AFF /* AFNetworkReachabilityManager.m */; };
		E5E713D0187DB2FA003E3AFF /* AFSecurityPolicy.m in Sources */ = {isa = PBXBuildFile; fileRef = E5E71376187D63E8003E3AFF /* AFSecurityPolicy.m */; };
		E5E713D1187DB2FE003E3AFF /* AFURLConnectionOperation.m in Sources */ = {isa = PBXBuildFile; fileRef = E5E71378187D63E8003E3AFF /* AFURLConnectionOperation.m */; };
		E5E713D2187DB301003E3AFF /* AFURLRequestSerialization.m in Sources */ = {isa = PBXBuildFile; fileRef = E5E7137A187D63E8003E3AFF /* AFURLRequestSerialization.m */; };
		E5E713D3187DB304003E3AFF /* AFURLResponseSerialization.m in Sources */ = {isa = PBXBuildFile; fileRef = E5E7137C187D63E8003E3AFF /* AFURLResponseSerialization.m */; };
		E5E713D4187DB307003E3AFF /* AFURLSessionManager.m in Sources */ = {isa = PBXBuildFile; fileRef = E5E7137E187D63E8003E3AFF /* AFURLSessionManager.m */; };
		E5E713D5187DB330003E3AFF /* CoreLocation.framework in Frameworks */ = {isa = PBXBuildFile; fileRef = E5E7139C187D6C5D003E3AFF /* CoreLocation.framework */; };
		E5E713D6187DB34A003E3AFF /* CoreFoundation.framework in Frameworks */ = {isa = PBXBuildFile; fileRef = B31B6D6E15C1467100854074 /* CoreFoundation.framework */; };
/* End PBXBuildFile section */

/* Begin PBXFileReference section */
		B31B6D4E15C13D5200854074 /* libForgeModule.a */ = {isa = PBXFileReference; explicitFileType = archive.ar; includeInIndex = 0; path = libForgeModule.a; sourceTree = BUILT_PRODUCTS_DIR; };
		B31B6D5115C13D5200854074 /* Foundation.framework */ = {isa = PBXFileReference; lastKnownFileType = wrapper.framework; name = Foundation.framework; path = System/Library/Frameworks/Foundation.framework; sourceTree = SDKROOT; };
		B31B6D6D15C1467100854074 /* file2.bundle */ = {isa = PBXFileReference; explicitFileType = wrapper.cfbundle; includeInIndex = 0; path = file2.bundle; sourceTree = BUILT_PRODUCTS_DIR; };
		B31B6D6E15C1467100854074 /* CoreFoundation.framework */ = {isa = PBXFileReference; lastKnownFileType = wrapper.framework; name = CoreFoundation.framework; path = System/Library/Frameworks/CoreFoundation.framework; sourceTree = SDKROOT; };
		B37C3A5C162717A200B50A60 /* ForgeCore.framework */ = {isa = PBXFileReference; lastKnownFileType = wrapper.framework; name = ForgeCore.framework; path = ../ForgeCore.framework; sourceTree = "<group>"; };
		B3CC61EF1716ECB500A1A8EF /* file2_API.h */ = {isa = PBXFileReference; fileEncoding = 4; lastKnownFileType = sourcecode.c.h; path = file2_API.h; sourceTree = "<group>"; };
		B3CC61F01716ECB500A1A8EF /* file2_API.m */ = {isa = PBXFileReference; fileEncoding = 4; lastKnownFileType = sourcecode.c.objc; path = file2_API.m; sourceTree = "<group>"; };
		B3CC61F11716ECB500A1A8EF /* file2_EventListener.h */ = {isa = PBXFileReference; fileEncoding = 4; lastKnownFileType = sourcecode.c.h; path = file2_EventListener.h; sourceTree = "<group>"; };
		B3CC61F31716ECBB00A1A8EF /* file2_EventListener.m */ = {isa = PBXFileReference; fileEncoding = 4; lastKnownFileType = sourcecode.c.objc; path = file2_EventListener.m; sourceTree = "<group>"; };
		B3FC51F715C151E5003574D9 /* UIKit.framework */ = {isa = PBXFileReference; lastKnownFileType = wrapper.framework; name = UIKit.framework; path = System/Library/Frameworks/UIKit.framework; sourceTree = SDKROOT; };
		B3FC51FE15C1523D003574D9 /* CoreGraphics.framework */ = {isa = PBXFileReference; lastKnownFileType = wrapper.framework; name = CoreGraphics.framework; path = System/Library/Frameworks/CoreGraphics.framework; sourceTree = SDKROOT; };
		B3FC524115C177EA003574D9 /* AssetsLibrary.framework */ = {isa = PBXFileReference; lastKnownFileType = wrapper.framework; name = AssetsLibrary.framework; path = System/Library/Frameworks/AssetsLibrary.framework; sourceTree = SDKROOT; };
		B3FC524715C17B2C003574D9 /* SystemConfiguration.framework */ = {isa = PBXFileReference; lastKnownFileType = wrapper.framework; name = SystemConfiguration.framework; path = System/Library/Frameworks/SystemConfiguration.framework; sourceTree = SDKROOT; };
		E5E7136C187D63E8003E3AFF /* AFHTTPRequestOperation.h */ = {isa = PBXFileReference; fileEncoding = 4; lastKnownFileType = sourcecode.c.h; path = AFHTTPRequestOperation.h; sourceTree = "<group>"; };
		E5E7136D187D63E8003E3AFF /* AFHTTPRequestOperation.m */ = {isa = PBXFileReference; fileEncoding = 4; lastKnownFileType = sourcecode.c.objc; path = AFHTTPRequestOperation.m; sourceTree = "<group>"; };
		E5E7136E187D63E8003E3AFF /* AFHTTPRequestOperationManager.h */ = {isa = PBXFileReference; fileEncoding = 4; lastKnownFileType = sourcecode.c.h; path = AFHTTPRequestOperationManager.h; sourceTree = "<group>"; };
		E5E7136F187D63E8003E3AFF /* AFHTTPRequestOperationManager.m */ = {isa = PBXFileReference; fileEncoding = 4; lastKnownFileType = sourcecode.c.objc; path = AFHTTPRequestOperationManager.m; sourceTree = "<group>"; };
		E5E71370187D63E8003E3AFF /* AFHTTPSessionManager.h */ = {isa = PBXFileReference; fileEncoding = 4; lastKnownFileType = sourcecode.c.h; path = AFHTTPSessionManager.h; sourceTree = "<group>"; };
		E5E71371187D63E8003E3AFF /* AFHTTPSessionManager.m */ = {isa = PBXFileReference; fileEncoding = 4; lastKnownFileType = sourcecode.c.objc; path = AFHTTPSessionManager.m; sourceTree = "<group>"; };
		E5E71372187D63E8003E3AFF /* AFNetworking.h */ = {isa = PBXFileReference; fileEncoding = 4; lastKnownFileType = sourcecode.c.h; path = AFNetworking.h; sourceTree = "<group>"; };
		E5E71373187D63E8003E3AFF /* AFNetworkReachabilityManager.h */ = {isa = PBXFileReference; fileEncoding = 4; lastKnownFileType = sourcecode.c.h; path = AFNetworkReachabilityManager.h; sourceTree = "<group>"; };
		E5E71374187D63E8003E3AFF /* AFNetworkReachabilityManager.m */ = {isa = PBXFileReference; fileEncoding = 4; lastKnownFileType = sourcecode.c.objc; path = AFNetworkReachabilityManager.m; sourceTree = "<group>"; };
		E5E71375187D63E8003E3AFF /* AFSecurityPolicy.h */ = {isa = PBXFileReference; fileEncoding = 4; lastKnownFileType = sourcecode.c.h; path = AFSecurityPolicy.h; sourceTree = "<group>"; };
		E5E71376187D63E8003E3AFF /* AFSecurityPolicy.m */ = {isa = PBXFileReference; fileEncoding = 4; lastKnownFileType = sourcecode.c.objc; path = AFSecurityPolicy.m; sourceTree = "<group>"; };
		E5E71377187D63E8003E3AFF /* AFURLConnectionOperation.h */ = {isa = PBXFileReference; fileEncoding = 4; lastKnownFileType = sourcecode.c.h; path = AFURLConnectionOperation.h; sourceTree = "<group>"; };
		E5E71378187D63E8003E3AFF /* AFURLConnectionOperation.m */ = {isa = PBXFileReference; fileEncoding = 4; lastKnownFileType = sourcecode.c.objc; path = AFURLConnectionOperation.m; sourceTree = "<group>"; };
		E5E71379187D63E8003E3AFF /* AFURLRequestSerialization.h */ = {isa = PBXFileReference; fileEncoding = 4; lastKnownFileType = sourcecode.c.h; path = AFURLRequestSerialization.h; sourceTree = "<group>"; };
		E5E7137A187D63E8003E3AFF /* AFURLRequestSerialization.m */ = {isa = PBXFileReference; fileEncoding = 4; lastKnownFileType = sourcecode.c.objc; path = AFURLRequestSerialization.m; sourceTree = "<group>"; };
		E5E7137B187D63E8003E3AFF /* AFURLResponseSerialization.h */ = {isa = PBXFileReference; fileEncoding = 4; lastKnownFileType = sourcecode.c.h; path = AFURLResponseSerialization.h; sourceTree = "<group>"; };
		E5E7137C187D63E8003E3AFF /* AFURLResponseSerialization.m */ = {isa = PBXFileReference; fileEncoding = 4; lastKnownFileType = sourcecode.c.objc; path = AFURLResponseSerialization.m; sourceTree = "<group>"; };
		E5E7137D187D63E8003E3AFF /* AFURLSessionManager.h */ = {isa = PBXFileReference; fileEncoding = 4; lastKnownFileType = sourcecode.c.h; path = AFURLSessionManager.h; sourceTree = "<group>"; };
		E5E7137E187D63E8003E3AFF /* AFURLSessionManager.m */ = {isa = PBXFileReference; fileEncoding = 4; lastKnownFileType = sourcecode.c.objc; path = AFURLSessionManager.m; sourceTree = "<group>"; };
		E5E71391187D6B71003E3AFF /* Security.framework */ = {isa = PBXFileReference; lastKnownFileType = wrapper.framework; name = Security.framework; path = System/Library/Frameworks/Security.framework; sourceTree = SDKROOT; };
		E5E71397187D6BBD003E3AFF /* MobileCoreServices.framework */ = {isa = PBXFileReference; lastKnownFileType = wrapper.framework; name = MobileCoreServices.framework; path = System/Library/Frameworks/MobileCoreServices.framework; sourceTree = SDKROOT; };
		E5E7139C187D6C5D003E3AFF /* CoreLocation.framework */ = {isa = PBXFileReference; lastKnownFileType = wrapper.framework; name = CoreLocation.framework; path = System/Library/Frameworks/CoreLocation.framework; sourceTree = SDKROOT; };
/* End PBXFileReference section */

/* Begin PBXFrameworksBuildPhase section */
		B31B6D4B15C13D5200854074 /* Frameworks */ = {
			isa = PBXFrameworksBuildPhase;
			buildActionMask = 2147483647;
			files = (
				E5E713D6187DB34A003E3AFF /* CoreFoundation.framework in Frameworks */,
				E5E713D5187DB330003E3AFF /* CoreLocation.framework in Frameworks */,
				E5E71398187D6BBD003E3AFF /* MobileCoreServices.framework in Frameworks */,
				E5E71392187D6B71003E3AFF /* Security.framework in Frameworks */,
				B3FC524815C17B2C003574D9 /* SystemConfiguration.framework in Frameworks */,
				B3FC51FF15C1523D003574D9 /* CoreGraphics.framework in Frameworks */,
				B3FC51F815C151E5003574D9 /* UIKit.framework in Frameworks */,
				B31B6D5215C13D5200854074 /* Foundation.framework in Frameworks */,
				B3FC524215C177EA003574D9 /* AssetsLibrary.framework in Frameworks */,
				B37C3A5D162717A200B50A60 /* ForgeCore.framework in Frameworks */,
			);
			runOnlyForDeploymentPostprocessing = 0;
		};
		B31B6D6A15C1467100854074 /* Frameworks */ = {
			isa = PBXFrameworksBuildPhase;
			buildActionMask = 2147483647;
			files = (
				E5E713A0187D6C81003E3AFF /* UIKit.framework in Frameworks */,
				E5E7139F187D6C70003E3AFF /* CoreGraphics.framework in Frameworks */,
				E5E7139E187D6C68003E3AFF /* Foundation.framework in Frameworks */,
				E5E7139D187D6C5D003E3AFF /* CoreLocation.framework in Frameworks */,
				E5E7139B187D6BE0003E3AFF /* SystemConfiguration.framework in Frameworks */,
				E5E7139A187D6BD7003E3AFF /* MobileCoreServices.framework in Frameworks */,
				E5E71399187D6BCF003E3AFF /* Security.framework in Frameworks */,
				B31B6D6F15C1467100854074 /* CoreFoundation.framework in Frameworks */,
			);
			runOnlyForDeploymentPostprocessing = 0;
		};
/* End PBXFrameworksBuildPhase section */

/* Begin PBXGroup section */
		B31B6D4315C13D5200854074 = {
			isa = PBXGroup;
			children = (
				E5E7136B187D63E8003E3AFF /* AFNetworking */,
				B3CC61EF1716ECB500A1A8EF /* file2_API.h */,
				B3CC61F01716ECB500A1A8EF /* file2_API.m */,
				B3CC61F11716ECB500A1A8EF /* file2_EventListener.h */,
				B3CC61F31716ECBB00A1A8EF /* file2_EventListener.m */,
				B31B6D5015C13D5200854074 /* Frameworks */,
				B31B6D4F15C13D5200854074 /* Products */,
			);
			sourceTree = "<group>";
		};
		B31B6D4F15C13D5200854074 /* Products */ = {
			isa = PBXGroup;
			children = (
				B31B6D4E15C13D5200854074 /* libForgeModule.a */,
				B31B6D6D15C1467100854074 /* file2.bundle */,
			);
			name = Products;
			sourceTree = "<group>";
		};
		B31B6D5015C13D5200854074 /* Frameworks */ = {
			isa = PBXGroup;
			children = (
				E5E7139C187D6C5D003E3AFF /* CoreLocation.framework */,
				E5E71397187D6BBD003E3AFF /* MobileCoreServices.framework */,
				E5E71391187D6B71003E3AFF /* Security.framework */,
				B37C3A5C162717A200B50A60 /* ForgeCore.framework */,
				B3FC524715C17B2C003574D9 /* SystemConfiguration.framework */,
				B3FC524115C177EA003574D9 /* AssetsLibrary.framework */,
				B3FC51FE15C1523D003574D9 /* CoreGraphics.framework */,
				B3FC51F715C151E5003574D9 /* UIKit.framework */,
				B31B6D5115C13D5200854074 /* Foundation.framework */,
				B31B6D6E15C1467100854074 /* CoreFoundation.framework */,
			);
			name = Frameworks;
			sourceTree = "<group>";
		};
		E5E7136B187D63E8003E3AFF /* AFNetworking */ = {
			isa = PBXGroup;
			children = (
				E5E7136C187D63E8003E3AFF /* AFHTTPRequestOperation.h */,
				E5E7136D187D63E8003E3AFF /* AFHTTPRequestOperation.m */,
				E5E7136E187D63E8003E3AFF /* AFHTTPRequestOperationManager.h */,
				E5E7136F187D63E8003E3AFF /* AFHTTPRequestOperationManager.m */,
				E5E71370187D63E8003E3AFF /* AFHTTPSessionManager.h */,
				E5E71371187D63E8003E3AFF /* AFHTTPSessionManager.m */,
				E5E71372187D63E8003E3AFF /* AFNetworking.h */,
				E5E71373187D63E8003E3AFF /* AFNetworkReachabilityManager.h */,
				E5E71374187D63E8003E3AFF /* AFNetworkReachabilityManager.m */,
				E5E71375187D63E8003E3AFF /* AFSecurityPolicy.h */,
				E5E71376187D63E8003E3AFF /* AFSecurityPolicy.m */,
				E5E71377187D63E8003E3AFF /* AFURLConnectionOperation.h */,
				E5E71378187D63E8003E3AFF /* AFURLConnectionOperation.m */,
				E5E71379187D63E8003E3AFF /* AFURLRequestSerialization.h */,
				E5E7137A187D63E8003E3AFF /* AFURLRequestSerialization.m */,
				E5E7137B187D63E8003E3AFF /* AFURLResponseSerialization.h */,
				E5E7137C187D63E8003E3AFF /* AFURLResponseSerialization.m */,
				E5E7137D187D63E8003E3AFF /* AFURLSessionManager.h */,
				E5E7137E187D63E8003E3AFF /* AFURLSessionManager.m */,
			);
			path = AFNetworking;
			sourceTree = "<group>";
		};
/* End PBXGroup section */

/* Begin PBXNativeTarget section */
		B31B6D4D15C13D5200854074 /* ForgeModule */ = {
			isa = PBXNativeTarget;
			buildConfigurationList = B31B6D5C15C13D5200854074 /* Build configuration list for PBXNativeTarget "ForgeModule" */;
			buildPhases = (
				B31B6D4A15C13D5200854074 /* Sources */,
				B31B6D4B15C13D5200854074 /* Frameworks */,
			);
			buildRules = (
			);
			dependencies = (
			);
			name = ForgeModule;
			productName = ForgeCore;
			productReference = B31B6D4E15C13D5200854074 /* libForgeModule.a */;
			productType = "com.apple.product-type.library.static";
		};
		B31B6D6C15C1467100854074 /* ForgeModuleResources */ = {
			isa = PBXNativeTarget;
			buildConfigurationList = B31B6D7715C1467100854074 /* Build configuration list for PBXNativeTarget "ForgeModuleResources" */;
			buildPhases = (
				B31B6D6915C1467100854074 /* Sources */,
				B31B6D6A15C1467100854074 /* Frameworks */,
				B31B6D6B15C1467100854074 /* Resources */,
			);
			buildRules = (
			);
			dependencies = (
			);
			name = ForgeModuleResources;
			productName = ForgeCoreResources;
			productReference = B31B6D6D15C1467100854074 /* file2.bundle */;
			productType = "com.apple.product-type.bundle";
		};
/* End PBXNativeTarget section */

/* Begin PBXProject section */
		B31B6D4515C13D5200854074 /* Project object */ = {
			isa = PBXProject;
			attributes = {
				LastUpgradeCheck = 0500;
				ORGANIZATIONNAME = "Trigger Corp";
			};
			buildConfigurationList = B31B6D4815C13D5200854074 /* Build configuration list for PBXProject "ForgeModule" */;
			compatibilityVersion = "Xcode 3.2";
			developmentRegion = English;
			hasScannedForEncodings = 0;
			knownRegions = (
				en,
			);
			mainGroup = B31B6D4315C13D5200854074;
			productRefGroup = B31B6D4F15C13D5200854074 /* Products */;
			projectDirPath = "";
			projectRoot = "";
			targets = (
				B31B6D4D15C13D5200854074 /* ForgeModule */,
				B31B6D6C15C1467100854074 /* ForgeModuleResources */,
			);
		};
/* End PBXProject section */

/* Begin PBXResourcesBuildPhase section */
		B31B6D6B15C1467100854074 /* Resources */ = {
			isa = PBXResourcesBuildPhase;
			buildActionMask = 2147483647;
			files = (
			);
			runOnlyForDeploymentPostprocessing = 0;
		};
/* End PBXResourcesBuildPhase section */

/* Begin PBXSourcesBuildPhase section */
		B31B6D4A15C13D5200854074 /* Sources */ = {
			isa = PBXSourcesBuildPhase;
			buildActionMask = 2147483647;
			files = (
				E5E713D4187DB307003E3AFF /* AFURLSessionManager.m in Sources */,
				E5E713D3187DB304003E3AFF /* AFURLResponseSerialization.m in Sources */,
				E5E713D2187DB301003E3AFF /* AFURLRequestSerialization.m in Sources */,
				E5E713D1187DB2FE003E3AFF /* AFURLConnectionOperation.m in Sources */,
				E5E713D0187DB2FA003E3AFF /* AFSecurityPolicy.m in Sources */,
				E5E713CF187DB2F6003E3AFF /* AFNetworkReachabilityManager.m in Sources */,
				E5E713CE187DB2F2003E3AFF /* AFHTTPSessionManager.m in Sources */,
				E5E713CD187DB2EF003E3AFF /* AFHTTPRequestOperationManager.m in Sources */,
				E5E713CC187DB2E8003E3AFF /* AFHTTPRequestOperation.m in Sources */,
				B3CC61F21716ECB500A1A8EF /* file2_API.m in Sources */,
				B3CC61F41716ECBB00A1A8EF /* file2_EventListener.m in Sources */,
			);
			runOnlyForDeploymentPostprocessing = 0;
		};
		B31B6D6915C1467100854074 /* Sources */ = {
			isa = PBXSourcesBuildPhase;
			buildActionMask = 2147483647;
			files = (
			);
			runOnlyForDeploymentPostprocessing = 0;
		};
/* End PBXSourcesBuildPhase section */

/* Begin XCBuildConfiguration section */
		B31B6D5A15C13D5200854074 /* Debug */ = {
			isa = XCBuildConfiguration;
			buildSettings = {
				ALWAYS_SEARCH_USER_PATHS = YES;
				CLANG_CXX_LANGUAGE_STANDARD = "gnu++0x";
				CLANG_ENABLE_OBJC_ARC = YES;
				CLANG_WARN_BOOL_CONVERSION = YES;
				CLANG_WARN_CONSTANT_CONVERSION = YES;
				CLANG_WARN_EMPTY_BODY = YES;
				CLANG_WARN_ENUM_CONVERSION = YES;
				CLANG_WARN_INT_CONVERSION = YES;
				CLANG_WARN__DUPLICATE_METHOD_MATCH = YES;
				COPY_PHASE_STRIP = NO;
				GCC_C_LANGUAGE_STANDARD = gnu99;
				GCC_DYNAMIC_NO_PIC = NO;
				GCC_OPTIMIZATION_LEVEL = 0;
				GCC_PREPROCESSOR_DEFINITIONS = (
					"DEBUG=1",
					"$(inherited)",
				);
				GCC_SYMBOLS_PRIVATE_EXTERN = NO;
				GCC_VERSION = com.apple.compilers.llvm.clang.1_0;
				GCC_WARN_ABOUT_RETURN_TYPE = YES;
				GCC_WARN_UNDECLARED_SELECTOR = YES;
				GCC_WARN_UNINITIALIZED_AUTOS = YES;
				GCC_WARN_UNUSED_FUNCTION = YES;
				GCC_WARN_UNUSED_VARIABLE = YES;
				IPHONEOS_DEPLOYMENT_TARGET = 6.0;
				ONLY_ACTIVE_ARCH = YES;
				SDKROOT = iphoneos;
			};
			name = Debug;
		};
		B31B6D5B15C13D5200854074 /* Release */ = {
			isa = XCBuildConfiguration;
			buildSettings = {
				ALWAYS_SEARCH_USER_PATHS = YES;
				CLANG_CXX_LANGUAGE_STANDARD = "gnu++0x";
				CLANG_ENABLE_OBJC_ARC = YES;
				CLANG_WARN_BOOL_CONVERSION = YES;
				CLANG_WARN_CONSTANT_CONVERSION = YES;
				CLANG_WARN_EMPTY_BODY = YES;
				CLANG_WARN_ENUM_CONVERSION = YES;
				CLANG_WARN_INT_CONVERSION = YES;
				CLANG_WARN__DUPLICATE_METHOD_MATCH = YES;
				COPY_PHASE_STRIP = YES;
				GCC_C_LANGUAGE_STANDARD = gnu99;
				GCC_VERSION = com.apple.compilers.llvm.clang.1_0;
				GCC_WARN_ABOUT_RETURN_TYPE = YES;
				GCC_WARN_UNDECLARED_SELECTOR = YES;
				GCC_WARN_UNINITIALIZED_AUTOS = YES;
				GCC_WARN_UNUSED_FUNCTION = YES;
				GCC_WARN_UNUSED_VARIABLE = YES;
				IPHONEOS_DEPLOYMENT_TARGET = 6.0;
				SDKROOT = iphoneos;
				VALIDATE_PRODUCT = YES;
			};
			name = Release;
		};
		B31B6D5D15C13D5200854074 /* Debug */ = {
			isa = XCBuildConfiguration;
			buildSettings = {
				COPY_PHASE_STRIP = NO;
				DEAD_CODE_STRIPPING = NO;
				FRAMEWORK_SEARCH_PATHS = (
					"$(inherited)",
					"\"$(SRCROOT)\"",
					"\"$(SRCROOT)/..\"",
				);
				GCC_PRECOMPILE_PREFIX_HEADER = YES;
				GCC_PREFIX_HEADER = "ForgeModule-Prefix.pch";
				HEADER_SEARCH_PATHS = "./**";
				IPHONEOS_DEPLOYMENT_TARGET = 6.0;
				OTHER_LDFLAGS = "-ObjC";
				PRODUCT_NAME = "$(TARGET_NAME)";
				SDKROOT = iphoneos;
				SKIP_INSTALL = YES;
				STRIP_STYLE = "non-global";
			};
			name = Debug;
		};
		B31B6D5E15C13D5200854074 /* Release */ = {
			isa = XCBuildConfiguration;
			buildSettings = {
				COPY_PHASE_STRIP = NO;
				DEAD_CODE_STRIPPING = NO;
				FRAMEWORK_SEARCH_PATHS = (
					"$(inherited)",
					"\"$(SRCROOT)\"",
					"\"$(SRCROOT)/..\"",
				);
				GCC_PRECOMPILE_PREFIX_HEADER = YES;
				GCC_PREFIX_HEADER = "ForgeModule-Prefix.pch";
				HEADER_SEARCH_PATHS = "./**";
				IPHONEOS_DEPLOYMENT_TARGET = 6.0;
				OTHER_LDFLAGS = "-ObjC";
				PRODUCT_NAME = "$(TARGET_NAME)";
				SDKROOT = iphoneos;
				SKIP_INSTALL = YES;
				STRIP_STYLE = "non-global";
			};
			name = Release;
		};
		B31B6D7815C1467100854074 /* Debug */ = {
			isa = XCBuildConfiguration;
			buildSettings = {
				FRAMEWORK_SEARCH_PATHS = (
					"$(inherited)",
					"\"$(SRCROOT)\"",
				);
				GCC_ENABLE_OBJC_EXCEPTIONS = YES;
				GCC_PRECOMPILE_PREFIX_HEADER = YES;
				GCC_PREFIX_HEADER = "";
				GCC_WARN_64_TO_32_BIT_CONVERSION = YES;
				GCC_WARN_UNDECLARED_SELECTOR = YES;
				INFOPLIST_FILE = "";
				INSTALL_PATH = "$(LOCAL_LIBRARY_DIR)/Bundles";
				IPHONEOS_DEPLOYMENT_TARGET = 6.0;
				MACOSX_DEPLOYMENT_TARGET = 10.7;
				ONLY_ACTIVE_ARCH = NO;
				PRODUCT_NAME = file2;
				SDKROOT = iphoneos;
				WRAPPER_EXTENSION = bundle;
			};
			name = Debug;
		};
		B31B6D7915C1467100854074 /* Release */ = {
			isa = XCBuildConfiguration;
			buildSettings = {
				DEBUG_INFORMATION_FORMAT = "dwarf-with-dsym";
				FRAMEWORK_SEARCH_PATHS = (
					"$(inherited)",
					"\"$(SRCROOT)\"",
				);
				GCC_ENABLE_OBJC_EXCEPTIONS = YES;
				GCC_PRECOMPILE_PREFIX_HEADER = YES;
				GCC_PREFIX_HEADER = "";
				GCC_WARN_64_TO_32_BIT_CONVERSION = YES;
				GCC_WARN_UNDECLARED_SELECTOR = YES;
				INFOPLIST_FILE = "";
				INSTALL_PATH = "$(LOCAL_LIBRARY_DIR)/Bundles";
				IPHONEOS_DEPLOYMENT_TARGET = 6.0;
				MACOSX_DEPLOYMENT_TARGET = 10.7;
				ONLY_ACTIVE_ARCH = NO;
				PRODUCT_NAME = file2;
				SDKROOT = iphoneos;
				WRAPPER_EXTENSION = bundle;
			};
			name = Release;
		};
/* End XCBuildConfiguration section */

/* Begin XCConfigurationList section */
		B31B6D4815C13D5200854074 /* Build configuration list for PBXProject "ForgeModule" */ = {
			isa = XCConfigurationList;
			buildConfigurations = (
				B31B6D5A15C13D5200854074 /* Debug */,
				B31B6D5B15C13D5200854074 /* Release */,
			);
			defaultConfigurationIsVisible = 0;
			defaultConfigurationName = Release;
		};
		B31B6D5C15C13D5200854074 /* Build configuration list for PBXNativeTarget "ForgeModule" */ = {
			isa = XCConfigurationList;
			buildConfigurations = (
				B31B6D5D15C13D5200854074 /* Debug */,
				B31B6D5E15C13D5200854074 /* Release */,
			);
			defaultConfigurationIsVisible = 0;
			defaultConfigurationName = Release;
		};
		B31B6D7715C1467100854074 /* Build configuration list for PBXNativeTarget "ForgeModuleResources" */ = {
			isa = XCConfigurationList;
			buildConfigurations = (
				B31B6D7815C1467100854074 /* Debug */,
				B31B6D7915C1467100854074 /* Release */,
			);
			defaultConfigurationIsVisible = 0;
			defaultConfigurationName = Release;
		};
/* End XCConfigurationList section */
	};
	rootObject = B31B6D4515C13D5200854074 /* Project object */;
}
